
Microsoft Visual Studio Solution File, Format Version 12.00
# Visual Studio Version 16
VisualStudioVersion = 16.0.31112.23
MinimumVisualStudioVersion = 10.0.40219.1
Project("{9A19103F-16F7-4668-BE54-9A1E7A4F7556}") = "Quick.Communication", "Quick.Communication\Quick.Communication.csproj", "{1835D2C9-1F48-4001-A49C-A27B38AE2380}"
EndProject
Project("{2150E333-8FDC-42A3-9474-1A3956D46DE8}") = "Common", "Common", "{DFEB39D6-851B-47A4-BD74-325BAE3BCF01}"
EndProject
Project("{2150E333-8FDC-42A3-9474-1A3956D46DE8}") = "Demos", "Demos", "{5748688A-53F5-41AF-9A10-1E4D66D06B54}"
EndProject
Project("{9A19103F-16F7-4668-BE54-9A1E7A4F7556}") = "ClientDemo.BLL", "Common\ClientDemo.BLL\ClientDemo.BLL.csproj", "{2CEC1173-8F68-48B1-AE0E-D8C93AF1A5B5}"
EndProject
Project("{9A19103F-16F7-4668-BE54-9A1E7A4F7556}") = "RpcProtocolDemo", "Common\RpcProtocolDemo\RpcProtocolDemo.csproj", "{7839C0F3-BB8A-4F63-A89A-6EEE2372F362}"
EndProject
Project("{9A19103F-16F7-4668-BE54-9A1E7A4F7556}") = "ServerDemo.BLL", "Common\ServerDemo.BLL\ServerDemo.BLL.csproj", "{2142F6B7-4F5A-4D47-B2E1-ED703738AB04}"
EndProject
Project("{9A19103F-16F7-4668-BE54-9A1E7A4F7556}") = "PipeRpcClientDemo", "Demos\PipeRpcClientDemo\PipeRpcClientDemo.csproj", "{2FF90A24-EE4C-40BB-BFD6-D7C49A315929}"
EndProject
Project("{9A19103F-16F7-4668-BE54-9A1E7A4F7556}") = "PipeRpcServerDemo", "Demos\PipeRpcServerDemo\PipeRpcServerDemo.csproj", "{B9941D60-BBE4-46A5-A6FE-7A5E30883D45}"
EndProject
Project("{9A19103F-16F7-4668-BE54-9A1E7A4F7556}") = "TcpRpcClientDemo", "Demos\TcpRpcClientDemo\TcpRpcClientDemo.csproj", "{F35C4F7F-C889-4700-8302-A220BD7077CE}"
EndProject
Project("{9A19103F-16F7-4668-BE54-9A1E7A4F7556}") = "TcpRpcServerDemo", "Demos\TcpRpcServerDemo\TcpRpcServerDemo.csproj", "{21489500-78D5-4D53-80C4-D2A320A79757}"
EndProject
Project("{9A19103F-16F7-4668-BE54-9A1E7A4F7556}") = "UdpRpcClientDemo", "Demos\UdpRpcClientDemo\UdpRpcClientDemo.csproj", "{D56C6006-8946-4821-ADC6-FA4E7B1B0720}"
EndProject
Project("{9A19103F-16F7-4668-BE54-9A1E7A4F7556}") = "UdpRpcServerDemo", "Demos\UdpRpcServerDemo\UdpRpcServerDemo.csproj", "{817743F8-4BBC-4F96-A056-CDE614CBC8EF}"
EndProject
Global
	GlobalSection(SolutionConfigurationPlatforms) = preSolution
		Debug|Any CPU = Debug|Any CPU
		Release|Any CPU = Release|Any CPU
	EndGlobalSection
	GlobalSection(ProjectConfigurationPlatforms) = postSolution
		{1835D2C9-1F48-4001-A49C-A27B38AE2380}.Debug|Any CPU.ActiveCfg = Debug|Any CPU
		{1835D2C9-1F48-4001-A49C-A27B38AE2380}.Debug|Any CPU.Build.0 = Debug|Any CPU
		{1835D2C9-1F48-4001-A49C-A27B38AE2380}.Release|Any CPU.ActiveCfg = Release|Any CPU
		{1835D2C9-1F48-4001-A49C-A27B38AE2380}.Release|Any CPU.Build.0 = Release|Any CPU
		{2CEC1173-8F68-48B1-AE0E-D8C93AF1A5B5}.Debug|Any CPU.ActiveCfg = Debug|Any CPU
		{2CEC1173-8F68-48B1-AE0E-D8C93AF1A5B5}.Debug|Any CPU.Build.0 = Debug|Any CPU
		{2CEC1173-8F68-48B1-AE0E-D8C93AF1A5B5}.Release|Any CPU.ActiveCfg = Release|Any CPU
		{2CEC1173-8F68-48B1-AE0E-D8C93AF1A5B5}.Release|Any CPU.Build.0 = Release|Any CPU
		{7839C0F3-BB8A-4F63-A89A-6EEE2372F362}.Debug|Any CPU.ActiveCfg = Debug|Any CPU
		{7839C0F3-BB8A-4F63-A89A-6EEE2372F362}.Debug|Any CPU.Build.0 = Debug|Any CPU
		{7839C0F3-BB8A-4F63-A89A-6EEE2372F362}.Release|Any CPU.ActiveCfg = Release|Any CPU
		{7839C0F3-BB8A-4F63-A89A-6EEE2372F362}.Release|Any CPU.Build.0 = Release|Any CPU
		{2142F6B7-4F5A-4D47-B2E1-ED703738AB04}.Debug|Any CPU.ActiveCfg = Debug|Any CPU
		{2142F6B7-4F5A-4D47-B2E1-ED703738AB04}.Debug|Any CPU.Build.0 = Debug|Any CPU
		{2142F6B7-4F5A-4D47-B2E1-ED703738AB04}.Release|Any CPU.ActiveCfg = Release|Any CPU
		{2142F6B7-4F5A-4D47-B2E1-ED703738AB04}.Release|Any CPU.Build.0 = Release|Any CPU
		{2FF90A24-EE4C-40BB-BFD6-D7C49A315929}.Debug|Any CPU.ActiveCfg = Debug|Any CPU
		{2FF90A24-EE4C-40BB-BFD6-D7C49A315929}.Debug|Any CPU.Build.0 = Debug|Any CPU
		{2FF90A24-EE4C-40BB-BFD6-D7C49A315929}.Release|Any CPU.ActiveCfg = Release|Any CPU
		{2FF90A24-EE4C-40BB-BFD6-D7C49A315929}.Release|Any CPU.Build.0 = Release|Any CPU
		{B9941D60-BBE4-46A5-A6FE-7A5E30883D45}.Debug|Any CPU.ActiveCfg = Debug|Any CPU
		{B9941D60-BBE4-46A5-A6FE-7A5E30883D45}.Debug|Any CPU.Build.0 = Debug|Any CPU
		{B9941D60-BBE4-46A5-A6FE-7A5E30883D45}.Release|Any CPU.ActiveCfg = Release|Any CPU
		{B9941D60-BBE4-46A5-A6FE-7A5E30883D45}.Release|Any CPU.Build.0 = Release|Any CPU
		{F35C4F7F-C889-4700-8302-A220BD7077CE}.Debug|Any CPU.ActiveCfg = Debug|Any CPU
		{F35C4F7F-C889-4700-8302-A220BD7077CE}.Debug|Any CPU.Build.0 = Debug|Any CPU
		{F35C4F7F-C889-4700-8302-A220BD7077CE}.Release|Any CPU.ActiveCfg = Release|Any CPU
		{F35C4F7F-C889-4700-8302-A220BD7077CE}.Release|Any CPU.Build.0 = Release|Any CPU
		{21489500-78D5-4D53-80C4-D2A320A79757}.Debug|Any CPU.ActiveCfg = Debug|Any CPU
		{21489500-78D5-4D53-80C4-D2A320A79757}.Debug|Any CPU.Build.0 = Debug|Any CPU
		{21489500-78D5-4D53-80C4-D2A320A79757}.Release|Any CPU.ActiveCfg = Release|Any CPU
		{21489500-78D5-4D53-80C4-D2A320A79757}.Release|Any CPU.Build.0 = Release|Any CPU
		{D56C6006-8946-4821-ADC6-FA4E7B1B0720}.Debug|Any CPU.ActiveCfg = Debug|Any CPU
		{D56C6006-8946-4821-ADC6-FA4E7B1B0720}.Debug|Any CPU.Build.0 = Debug|Any CPU
		{D56C6006-8946-4821-ADC6-FA4E7B1B0720}.Release|Any CPU.ActiveCfg = Release|Any CPU
		{D56C6006-8946-4821-ADC6-FA4E7B1B0720}.Release|Any CPU.Build.0 = Release|Any CPU
		{817743F8-4BBC-4F96-A056-CDE614CBC8EF}.Debug|Any CPU.ActiveCfg = Debug|Any CPU
		{817743F8-4BBC-4F96-A056-CDE614CBC8EF}.Debug|Any CPU.Build.0 = Debug|Any CPU
		{817743F8-4BBC-4F96-A056-CDE614CBC8EF}.Release|Any CPU.ActiveCfg = Release|Any CPU
		{817743F8-4BBC-4F96-A056-CDE614CBC8EF}.Release|Any CPU.Build.0 = Release|Any CPU
	EndGlobalSection
	GlobalSection(SolutionProperties) = preSolution
		HideSolutionNode = FALSE
	EndGlobalSection
	GlobalSection(NestedProjects) = preSolution
		{2CEC1173-8F68-48B1-AE0E-D8C93AF1A5B5} = {DFEB39D6-851B-47A4-BD74-325BAE3BCF01}
		{7839C0F3-BB8A-4F63-A89A-6EEE2372F362} = {DFEB39D6-851B-47A4-BD74-325BAE3BCF01}
		{2142F6B7-4F5A-4D47-B2E1-ED703738AB04} = {DFEB39D6-851B-47A4-BD74-325BAE3BCF01}
		{2FF90A24-EE4C-40BB-BFD6-D7C49A315929} = {5748688A-53F5-41AF-9A10-1E4D66D06B54}
		{B9941D60-BBE4-46A5-A6FE-7A5E30883D45} = {5748688A-53F5-41AF-9A10-1E4D66D06B54}
		{F35C4F7F-C889-4700-8302-A220BD7077CE} = {5748688A-53F5-41AF-9A10-1E4D66D06B54}
		{21489500-78D5-4D53-80C4-D2A320A79757} = {5748688A-53F5-41AF-9A10-1E4D66D06B54}
		{D56C6006-8946-4821-ADC6-FA4E7B1B0720} = {5748688A-53F5-41AF-9A10-1E4D66D06B54}
		{817743F8-4BBC-4F96-A056-CDE614CBC8EF} = {5748688A-53F5-41AF-9A10-1E4D66D06B54}
	EndGlobalSection
	GlobalSection(ExtensibilityGlobals) = postSolution
		SolutionGuid = {7E425816-EE80-434C-9D18-0097A744469D}
	EndGlobalSection
EndGlobal
